
Microsoft Visual Studio Solution File, Format Version 12.00
# Visual Studio Version 17
VisualStudioVersion = 17.0.31903.59
MinimumVisualStudioVersion = 10.0.40219.1
Project("{FAE04EC0-301F-11D3-BF4B-00C04F79EFBC}") = "PalaceRoomViewer", "PalaceRoomViewer.csproj", "{188BE516-17D2-4865-A038-57FFF2C33D8A}"
EndProject
Project("{2150E333-8FDC-42A3-9474-1A3956D46DE8}") = "Core", "Core", "{FBF56CC3-7AE6-AD2D-3F14-7F97FD322CD6}"
EndProject
Project("{FAE04EC0-301F-11D3-BF4B-00C04F79EFBC}") = "PalaceRoomViewer.Core", "Core\PalaceRoomViewer.Core.csproj", "{7B6DE7F3-28A6-480B-A2DE-080BFBE6DF8A}"
EndProject
Global
	GlobalSection(SolutionConfigurationPlatforms) = preSolution
		Debug|Any CPU = Debug|Any CPU
		Debug|x64 = Debug|x64
		Debug|x86 = Debug|x86
		Release|Any CPU = Release|Any CPU
		Release|x64 = Release|x64
		Release|x86 = Release|x86
	EndGlobalSection
	GlobalSection(ProjectConfigurationPlatforms) = postSolution
		{188BE516-17D2-4865-A038-57FFF2C33D8A}.Debug|Any CPU.ActiveCfg = Debug|Any CPU
		{188BE516-17D2-4865-A038-57FFF2C33D8A}.Debug|Any CPU.Build.0 = Debug|Any CPU
		{188BE516-17D2-4865-A038-57FFF2C33D8A}.Debug|x64.ActiveCfg = Debug|Any CPU
		{188BE516-17D2-4865-A038-57FFF2C33D8A}.Debug|x64.Build.0 = Debug|Any CPU
		{188BE516-17D2-4865-A038-57FFF2C33D8A}.Debug|x86.ActiveCfg = Debug|Any CPU
		{188BE516-17D2-4865-A038-57FFF2C33D8A}.Debug|x86.Build.0 = Debug|Any CPU
		{188BE516-17D2-4865-A038-57FFF2C33D8A}.Release|Any CPU.ActiveCfg = Debug|Any CPU
		{188BE516-17D2-4865-A038-57FFF2C33D8A}.Release|Any CPU.Build.0 = Debug|Any CPU
		{188BE516-17D2-4865-A038-57FFF2C33D8A}.Release|x64.ActiveCfg = Debug|Any CPU
		{188BE516-17D2-4865-A038-57FFF2C33D8A}.Release|x64.Build.0 = Debug|Any CPU
		{188BE516-17D2-4865-A038-57FFF2C33D8A}.Release|x86.ActiveCfg = Debug|Any CPU
		{188BE516-17D2-4865-A038-57FFF2C33D8A}.Release|x86.Build.0 = Debug|Any CPU
		{7B6DE7F3-28A6-480B-A2DE-080BFBE6DF8A}.Debug|Any CPU.ActiveCfg = Debug|Any CPU
		{7B6DE7F3-28A6-480B-A2DE-080BFBE6DF8A}.Debug|Any CPU.Build.0 = Debug|Any CPU
		{7B6DE7F3-28A6-480B-A2DE-080BFBE6DF8A}.Debug|x64.ActiveCfg = Debug|Any CPU
		{7B6DE7F3-28A6-480B-A2DE-080BFBE6DF8A}.Debug|x64.Build.0 = Debug|Any CPU
		{7B6DE7F3-28A6-480B-A2DE-080BFBE6DF8A}.Debug|x86.ActiveCfg = Debug|Any CPU
		{7B6DE7F3-28A6-480B-A2DE-080BFBE6DF8A}.Debug|x86.Build.0 = Debug|Any CPU
		{7B6DE7F3-28A6-480B-A2DE-080BFBE6DF8A}.Release|Any CPU.ActiveCfg = Release|Any CPU
		{7B6DE7F3-28A6-480B-A2DE-080BFBE6DF8A}.Release|Any CPU.Build.0 = Release|Any CPU
		{7B6DE7F3-28A6-480B-A2DE-080BFBE6DF8A}.Release|x64.ActiveCfg = Release|Any CPU
		{7B6DE7F3-28A6-480B-A2DE-080BFBE6DF8A}.Release|x64.Build.0 = Release|Any CPU
		{7B6DE7F3-28A6-480B-A2DE-080BFBE6DF8A}.Release|x86.ActiveCfg = Release|Any CPU
		{7B6DE7F3-28A6-480B-A2DE-080BFBE6DF8A}.Release|x86.Build.0 = Release|Any CPU
	EndGlobalSection
	GlobalSection(SolutionProperties) = preSolution
		HideSolutionNode = FALSE
	EndGlobalSection
	GlobalSection(NestedProjects) = preSolution
		{7B6DE7F3-28A6-480B-A2DE-080BFBE6DF8A} = {FBF56CC3-7AE6-AD2D-3F14-7F97FD322CD6}
	EndGlobalSection
EndGlobal
